// !$*UTF8*$!
{
	archiveVersion = 1;
	classes = {
	};
	objectVersion = 77;
	objects = {

/* Begin PBXBuildFile section */
		0484994EA74C094106DF308F /* ServerFormSheet.swift in Sources */ = {isa = PBXBuildFile; fileRef = 72F75B7F2615F16AF85003FD /* ServerFormSheet.swift */; };
		192D3C31F4496A0D12998928 /* SwiftTerm in Frameworks */ = {isa = PBXBuildFile; productRef = C9AC58752B09ADD31B61011B /* SwiftTerm */; };
		1F49FD85008D7EBE730E6CF1 /* ServerStore.swift in Sources */ = {isa = PBXBuildFile; fileRef = 843E63C9938F02D896D2ABEA /* ServerStore.swift */; };
		2BDF280CD0A8D8EB7045E630 /* TerminalSettings.swift in Sources */ = {isa = PBXBuildFile; fileRef = F3D4C35BD2EF9667D8B33C9E /* TerminalSettings.swift */; };
		2D48FFAF08E2D4C151BA16C9 /* ErrorMessage.swift in Sources */ = {isa = PBXBuildFile; fileRef = EA22415AE599702BCE7F028E /* ErrorMessage.swift */; };
		36FD49CE37818A19FAC19F22 /* SessionNameValidatorTests.swift in Sources */ = {isa = PBXBuildFile; fileRef = B9307BD0AA5FF67DD40E900B /* SessionNameValidatorTests.swift */; };
		3FA72FAFFA836AA99216C41B /* Server.swift in Sources */ = {isa = PBXBuildFile; fileRef = 8E28B3E384E55DECA5738BFF /* Server.swift */; };
		42FA68FCB0EB89B1FF5DBE8B /* SSHTerminalSession.swift in Sources */ = {isa = PBXBuildFile; fileRef = 373E1FCA88FA61170D8B97F3 /* SSHTerminalSession.swift */; };
		43E0940423BAAA02E337AD27 /* ServerStoreTests.swift in Sources */ = {isa = PBXBuildFile; fileRef = 96BB45CA5EE03D980C943857 /* ServerStoreTests.swift */; };
		50262D24381D99AB728C774F /* Citadel in Frameworks */ = {isa = PBXBuildFile; productRef = FC6E54AE421077969B9E7E5B /* Citadel */; };
		51B9D3CB0640B577A3D42A1E /* SessionsViewModel.swift in Sources */ = {isa = PBXBuildFile; fileRef = 4BFC84ED4E86F5C928030D75 /* SessionsViewModel.swift */; };
		5AC659C2D1B237B4D598248B /* KeychainStore.swift in Sources */ = {isa = PBXBuildFile; fileRef = 3C4EBDD425FE60CDB79376AB /* KeychainStore.swift */; };
		64F779B17ED5CC435EE4F915 /* CheckForUpdatesView.swift in Sources */ = {isa = PBXBuildFile; fileRef = 816413CF1EAD669744469593 /* CheckForUpdatesView.swift */; };
		6A51AC072F076B67E7B81B7F /* SessionGroupingTests.swift in Sources */ = {isa = PBXBuildFile; fileRef = B0CD355C55856CF39D5DF08F /* SessionGroupingTests.swift */; };
		6B78960D933DD7F03DBBA69E /* ContentView.swift in Sources */ = {isa = PBXBuildFile; fileRef = AFB081348202A1C599D6C7B3 /* ContentView.swift */; };
		6C96D300E599845D811DBCED /* SessionGroup.swift in Sources */ = {isa = PBXBuildFile; fileRef = 8F1C527D544A33C86FDA6A00 /* SessionGroup.swift */; };
		738DA9D8E838A1152C816CC3 /* ShellQuoting.swift in Sources */ = {isa = PBXBuildFile; fileRef = 2D433BD561BAFB67B3E3007D /* ShellQuoting.swift */; };
		7696C2EECDEC523B7B55536D /* TmuxSessionTests.swift in Sources */ = {isa = PBXBuildFile; fileRef = 2E8D2897CB2C59012C299625 /* TmuxSessionTests.swift */; };
		778DFD399E8221960C06F1C3 /* SSHServicing.swift in Sources */ = {isa = PBXBuildFile; fileRef = BD746B3F53FF7EEB1749E4DF /* SSHServicing.swift */; };
		8AC026AA720A52F8A534CC41 /* SSHService.swift in Sources */ = {isa = PBXBuildFile; fileRef = 792CDD043DC9EF3063ABAF4B /* SSHService.swift */; };
		9133E096190BE4C458431394 /* LiveTerminalController.swift in Sources */ = {isa = PBXBuildFile; fileRef = 445EC9A275BAC494A796B3E2 /* LiveTerminalController.swift */; };
		96BB2263E5EBCE167C214C1A /* Assets.xcassets in Resources */ = {isa = PBXBuildFile; fileRef = 65C5951389633CCA111B2D96 /* Assets.xcassets */; };
		9BB2EC28C44ABE37A25840A7 /* TmuxSession.swift in Sources */ = {isa = PBXBuildFile; fileRef = 5018CBF48657BB02BA165C22 /* TmuxSession.swift */; };
		B1709EB6CD4C480A71B5EF13 /* SessionNameValidator.swift in Sources */ = {isa = PBXBuildFile; fileRef = 38CEB7C88E72A43CEC8A545F /* SessionNameValidator.swift */; };
		B64F67267E607EF02D082823 /* ArgosApp.swift in Sources */ = {isa = PBXBuildFile; fileRef = A17F27F1BDF8240FDE090119 /* ArgosApp.swift */; };
		C064730BA9BFD0071C3BB89D /* Logging.swift in Sources */ = {isa = PBXBuildFile; fileRef = 5ADDB372762CCE736CAC81A9 /* Logging.swift */; };
		C7708B036D3C8097551D7076 /* SessionsColumn.swift in Sources */ = {isa = PBXBuildFile; fileRef = 177E5F125A9E48EB8BD0C6C5 /* SessionsColumn.swift */; };
		C7B6778AD95B861B188040BF /* SessionTerminalView.swift in Sources */ = {isa = PBXBuildFile; fileRef = 9A562D75FBE00C404B0B2E49 /* SessionTerminalView.swift */; };
		D5855419ABBC95DE54D0B6E0 /* SSHFileTransfer.swift in Sources */ = {isa = PBXBuildFile; fileRef = 38B808DACBF580444EB1E8B0 /* SSHFileTransfer.swift */; };
		D91377E6937819F5032D9662 /* SSHSessionManagement.swift in Sources */ = {isa = PBXBuildFile; fileRef = 0E0A20A19F7815044978FC19 /* SSHSessionManagement.swift */; };
		D91C6FE8395FAD3F392BAE2E /* Sparkle in Frameworks */ = {isa = PBXBuildFile; productRef = BD3E31D594F719FB241208C0 /* Sparkle */; };
		DC7465DFF1450038B4484B9A /* TmuxErrorClassificationTests.swift in Sources */ = {isa = PBXBuildFile; fileRef = AFD9D527CAB785756EB0FCB9 /* TmuxErrorClassificationTests.swift */; };
		E224B3D53EE2D7827A485CB5 /* HostKeyVerifier.swift in Sources */ = {isa = PBXBuildFile; fileRef = E3B62EB21A9B138B0A1CBD9C /* HostKeyVerifier.swift */; };
		E85B008DFD3F25098FCB5BD2 /* ShellQuotingTests.swift in Sources */ = {isa = PBXBuildFile; fileRef = B52A0DF05049D85D634854BF /* ShellQuotingTests.swift */; };
		EA55D8C0F5B98E84096DBE21 /* SessionNameSheet.swift in Sources */ = {isa = PBXBuildFile; fileRef = CC329A38D26C812EA00D5407 /* SessionNameSheet.swift */; };
/* End PBXBuildFile section */

/* Begin PBXContainerItemProxy section */
		A65D5E30522E97700CD9CDEB /* PBXContainerItemProxy */ = {
			isa = PBXContainerItemProxy;
			containerPortal = 7DA10A44D8AFCD295EEFA8BC /* Project object */;
			proxyType = 1;
			remoteGlobalIDString = 5D61FF93EC48A47E4B04BCAB;
			remoteInfo = Argos;
		};
/* End PBXContainerItemProxy section */

/* Begin PBXFileReference section */
		0E0A20A19F7815044978FC19 /* SSHSessionManagement.swift */ = {isa = PBXFileReference; lastKnownFileType = sourcecode.swift; path = SSHSessionManagement.swift; sourceTree = "<group>"; };
		177E5F125A9E48EB8BD0C6C5 /* SessionsColumn.swift */ = {isa = PBXFileReference; lastKnownFileType = sourcecode.swift; path = SessionsColumn.swift; sourceTree = "<group>"; };
		1FFEBA10AAB338D0821A7A7C /* Info.plist */ = {isa = PBXFileReference; lastKnownFileType = text.plist; path = Info.plist; sourceTree = "<group>"; };
		2057FA3FC64EDDE81D1F6829 /* Argos.entitlements */ = {isa = PBXFileReference; lastKnownFileType = text.plist.entitlements; path = Argos.entitlements; sourceTree = "<group>"; };
		2D433BD561BAFB67B3E3007D /* ShellQuoting.swift */ = {isa = PBXFileReference; lastKnownFileType = sourcecode.swift; path = ShellQuoting.swift; sourceTree = "<group>"; };
		2E8D2897CB2C59012C299625 /* TmuxSessionTests.swift */ = {isa = PBXFileReference; lastKnownFileType = sourcecode.swift; path = TmuxSessionTests.swift; sourceTree = "<group>"; };
		373E1FCA88FA61170D8B97F3 /* SSHTerminalSession.swift */ = {isa = PBXFileReference; lastKnownFileType = sourcecode.swift; path = SSHTerminalSession.swift; sourceTree = "<group>"; };
		38B808DACBF580444EB1E8B0 /* SSHFileTransfer.swift */ = {isa = PBXFileReference; lastKnownFileType = sourcecode.swift; path = SSHFileTransfer.swift; sourceTree = "<group>"; };
		38CEB7C88E72A43CEC8A545F /* SessionNameValidator.swift */ = {isa = PBXFileReference; lastKnownFileType = sourcecode.swift; path = SessionNameValidator.swift; sourceTree = "<group>"; };
		3C4EBDD425FE60CDB79376AB /* KeychainStore.swift */ = {isa = PBXFileReference; lastKnownFileType = sourcecode.swift; path = KeychainStore.swift; sourceTree = "<group>"; };
		445EC9A275BAC494A796B3E2 /* LiveTerminalController.swift */ = {isa = PBXFileReference; lastKnownFileType = sourcecode.swift; path = LiveTerminalController.swift; sourceTree = "<group>"; };
		4BFC84ED4E86F5C928030D75 /* SessionsViewModel.swift */ = {isa = PBXFileReference; lastKnownFileType = sourcecode.swift; path = SessionsViewModel.swift; sourceTree = "<group>"; };
		5018CBF48657BB02BA165C22 /* TmuxSession.swift */ = {isa = PBXFileReference; lastKnownFileType = sourcecode.swift; path = TmuxSession.swift; sourceTree = "<group>"; };
		5ADDB372762CCE736CAC81A9 /* Logging.swift */ = {isa = PBXFileReference; lastKnownFileType = sourcecode.swift; path = Logging.swift; sourceTree = "<group>"; };
		65C5951389633CCA111B2D96 /* Assets.xcassets */ = {isa = PBXFileReference; lastKnownFileType = folder.assetcatalog; path = Assets.xcassets; sourceTree = "<group>"; };
		72F75B7F2615F16AF85003FD /* ServerFormSheet.swift */ = {isa = PBXFileReference; lastKnownFileType = sourcecode.swift; path = ServerFormSheet.swift; sourceTree = "<group>"; };
		75AE7601077EF66F3CBBFC25 /* Argos.app */ = {isa = PBXFileReference; explicitFileType = wrapper.application; includeInIndex = 0; path = Argos.app; sourceTree = BUILT_PRODUCTS_DIR; };
		792CDD043DC9EF3063ABAF4B /* SSHService.swift */ = {isa = PBXFileReference; lastKnownFileType = sourcecode.swift; path = SSHService.swift; sourceTree = "<group>"; };
		816413CF1EAD669744469593 /* CheckForUpdatesView.swift */ = {isa = PBXFileReference; lastKnownFileType = sourcecode.swift; path = CheckForUpdatesView.swift; sourceTree = "<group>"; };
		843E63C9938F02D896D2ABEA /* ServerStore.swift */ = {isa = PBXFileReference; lastKnownFileType = sourcecode.swift; path = ServerStore.swift; sourceTree = "<group>"; };
		8E28B3E384E55DECA5738BFF /* Server.swift */ = {isa = PBXFileReference; lastKnownFileType = sourcecode.swift; path = Server.swift; sourceTree = "<group>"; };
		8F1C527D544A33C86FDA6A00 /* SessionGroup.swift */ = {isa = PBXFileReference; lastKnownFileType = sourcecode.swift; path = SessionGroup.swift; sourceTree = "<group>"; };
		96BB45CA5EE03D980C943857 /* ServerStoreTests.swift */ = {isa = PBXFileReference; lastKnownFileType = sourcecode.swift; path = ServerStoreTests.swift; sourceTree = "<group>"; };
		9A562D75FBE00C404B0B2E49 /* SessionTerminalView.swift */ = {isa = PBXFileReference; lastKnownFileType = sourcecode.swift; path = SessionTerminalView.swift; sourceTree = "<group>"; };
		A17F27F1BDF8240FDE090119 /* ArgosApp.swift */ = {isa = PBXFileReference; lastKnownFileType = sourcecode.swift; path = ArgosApp.swift; sourceTree = "<group>"; };
		AFB081348202A1C599D6C7B3 /* ContentView.swift */ = {isa = PBXFileReference; lastKnownFileType = sourcecode.swift; path = ContentView.swift; sourceTree = "<group>"; };
		AFD9D527CAB785756EB0FCB9 /* TmuxErrorClassificationTests.swift */ = {isa = PBXFileReference; lastKnownFileType = sourcecode.swift; path = TmuxErrorClassificationTests.swift; sourceTree = "<group>"; };
		B0CD355C55856CF39D5DF08F /* SessionGroupingTests.swift */ = {isa = PBXFileReference; lastKnownFileType = sourcecode.swift; path = SessionGroupingTests.swift; sourceTree = "<group>"; };
		B52A0DF05049D85D634854BF /* ShellQuotingTests.swift */ = {isa = PBXFileReference; lastKnownFileType = sourcecode.swift; path = ShellQuotingTests.swift; sourceTree = "<group>"; };
		B9307BD0AA5FF67DD40E900B /* SessionNameValidatorTests.swift */ = {isa = PBXFileReference; lastKnownFileType = sourcecode.swift; path = SessionNameValidatorTests.swift; sourceTree = "<group>"; };
		BD746B3F53FF7EEB1749E4DF /* SSHServicing.swift */ = {isa = PBXFileReference; lastKnownFileType = sourcecode.swift; path = SSHServicing.swift; sourceTree = "<group>"; };
		CC329A38D26C812EA00D5407 /* SessionNameSheet.swift */ = {isa = PBXFileReference; lastKnownFileType = sourcecode.swift; path = SessionNameSheet.swift; sourceTree = "<group>"; };
		CD3AC653A136E494AD535400 /* ArgosTests.xctest */ = {isa = PBXFileReference; explicitFileType = wrapper.cfbundle; includeInIndex = 0; path = ArgosTests.xctest; sourceTree = BUILT_PRODUCTS_DIR; };
		E3B62EB21A9B138B0A1CBD9C /* HostKeyVerifier.swift */ = {isa = PBXFileReference; lastKnownFileType = sourcecode.swift; path = HostKeyVerifier.swift; sourceTree = "<group>"; };
		EA22415AE599702BCE7F028E /* ErrorMessage.swift */ = {isa = PBXFileReference; lastKnownFileType = sourcecode.swift; path = ErrorMessage.swift; sourceTree = "<group>"; };
		F3D4C35BD2EF9667D8B33C9E /* TerminalSettings.swift */ = {isa = PBXFileReference; lastKnownFileType = sourcecode.swift; path = TerminalSettings.swift; sourceTree = "<group>"; };
/* End PBXFileReference section */

/* Begin PBXFrameworksBuildPhase section */
		923F26E4C91EB198F6591C28 /* Frameworks */ = {
			isa = PBXFrameworksBuildPhase;
			buildActionMask = 2147483647;
			files = (
				50262D24381D99AB728C774F /* Citadel in Frameworks */,
				192D3C31F4496A0D12998928 /* SwiftTerm in Frameworks */,
				D91C6FE8395FAD3F392BAE2E /* Sparkle in Frameworks */,
			);
			runOnlyForDeploymentPostprocessing = 0;
		};
/* End PBXFrameworksBuildPhase section */

/* Begin PBXGroup section */
		3A1A98094DA95E37D3FD7134 /* Products */ = {
			isa = PBXGroup;
			children = (
				75AE7601077EF66F3CBBFC25 /* Argos.app */,
				CD3AC653A136E494AD535400 /* ArgosTests.xctest */,
			);
			name = Products;
			sourceTree = "<group>";
		};
		5A3A23A48775071C50DA76EE /* Argos */ = {
			isa = PBXGroup;
			children = (
				2057FA3FC64EDDE81D1F6829 /* Argos.entitlements */,
				A17F27F1BDF8240FDE090119 /* ArgosApp.swift */,
				65C5951389633CCA111B2D96 /* Assets.xcassets */,
				816413CF1EAD669744469593 /* CheckForUpdatesView.swift */,
				AFB081348202A1C599D6C7B3 /* ContentView.swift */,
				EA22415AE599702BCE7F028E /* ErrorMessage.swift */,
				E3B62EB21A9B138B0A1CBD9C /* HostKeyVerifier.swift */,
				1FFEBA10AAB338D0821A7A7C /* Info.plist */,
				3C4EBDD425FE60CDB79376AB /* KeychainStore.swift */,
				445EC9A275BAC494A796B3E2 /* LiveTerminalController.swift */,
				5ADDB372762CCE736CAC81A9 /* Logging.swift */,
				8E28B3E384E55DECA5738BFF /* Server.swift */,
				72F75B7F2615F16AF85003FD /* ServerFormSheet.swift */,
				843E63C9938F02D896D2ABEA /* ServerStore.swift */,
				8F1C527D544A33C86FDA6A00 /* SessionGroup.swift */,
				CC329A38D26C812EA00D5407 /* SessionNameSheet.swift */,
				38CEB7C88E72A43CEC8A545F /* SessionNameValidator.swift */,
				177E5F125A9E48EB8BD0C6C5 /* SessionsColumn.swift */,
				4BFC84ED4E86F5C928030D75 /* SessionsViewModel.swift */,
				9A562D75FBE00C404B0B2E49 /* SessionTerminalView.swift */,
				2D433BD561BAFB67B3E3007D /* ShellQuoting.swift */,
				38B808DACBF580444EB1E8B0 /* SSHFileTransfer.swift */,
				792CDD043DC9EF3063ABAF4B /* SSHService.swift */,
				BD746B3F53FF7EEB1749E4DF /* SSHServicing.swift */,
				0E0A20A19F7815044978FC19 /* SSHSessionManagement.swift */,
				373E1FCA88FA61170D8B97F3 /* SSHTerminalSession.swift */,
				F3D4C35BD2EF9667D8B33C9E /* TerminalSettings.swift */,
				5018CBF48657BB02BA165C22 /* TmuxSession.swift */,
			);
			path = Argos;
			sourceTree = "<group>";
		};
		8F6D93E04397B7D87C9D1BD1 /* ArgosTests */ = {
			isa = PBXGroup;
			children = (
				96BB45CA5EE03D980C943857 /* ServerStoreTests.swift */,
				B0CD355C55856CF39D5DF08F /* SessionGroupingTests.swift */,
				B9307BD0AA5FF67DD40E900B /* SessionNameValidatorTests.swift */,
				B52A0DF05049D85D634854BF /* ShellQuotingTests.swift */,
				AFD9D527CAB785756EB0FCB9 /* TmuxErrorClassificationTests.swift */,
				2E8D2897CB2C59012C299625 /* TmuxSessionTests.swift */,
			);
			path = ArgosTests;
			sourceTree = "<group>";
		};
		C23853C680ABD34E17F5BE8B = {
			isa = PBXGroup;
			children = (
				5A3A23A48775071C50DA76EE /* Argos */,
				8F6D93E04397B7D87C9D1BD1 /* ArgosTests */,
				3A1A98094DA95E37D3FD7134 /* Products */,
			);
			sourceTree = "<group>";
		};
/* End PBXGroup section */

/* Begin PBXNativeTarget section */
		5D61FF93EC48A47E4B04BCAB /* Argos */ = {
			isa = PBXNativeTarget;
			buildConfigurationList = 2EB869143CCE784DEAC7A0EF /* Build configuration list for PBXNativeTarget "Argos" */;
			buildPhases = (
				4B08E3150006A9EEF377A247 /* Sources */,
				0ED80B3FE7AC1CA68E3DEC42 /* Resources */,
				923F26E4C91EB198F6591C28 /* Frameworks */,
			);
			buildRules = (
			);
			dependencies = (
			);
			name = Argos;
			packageProductDependencies = (
				FC6E54AE421077969B9E7E5B /* Citadel */,
				C9AC58752B09ADD31B61011B /* SwiftTerm */,
				BD3E31D594F719FB241208C0 /* Sparkle */,
			);
			productName = Argos;
			productReference = 75AE7601077EF66F3CBBFC25 /* Argos.app */;
			productType = "com.apple.product-type.application";
		};
		9B1C6FF8AB27F22861A9ECE4 /* ArgosTests */ = {
			isa = PBXNativeTarget;
			buildConfigurationList = 2C895C758AAC8DDD7B4A138F /* Build configuration list for PBXNativeTarget "ArgosTests" */;
			buildPhases = (
				C4036272681DDEDB670F56E5 /* Sources */,
			);
			buildRules = (
			);
			dependencies = (
				3C5C5898288014DC8BC3862A /* PBXTargetDependency */,
			);
			name = ArgosTests;
			packageProductDependencies = (
			);
			productName = ArgosTests;
			productReference = CD3AC653A136E494AD535400 /* ArgosTests.xctest */;
			productType = "com.apple.product-type.bundle.unit-test";
		};
/* End PBXNativeTarget section */

/* Begin PBXProject section */
		7DA10A44D8AFCD295EEFA8BC /* Project object */ = {
			isa = PBXProject;
			attributes = {
				BuildIndependentTargetsInParallel = YES;
				LastUpgradeCheck = 1430;
				TargetAttributes = {
					5D61FF93EC48A47E4B04BCAB = {
						ProvisioningStyle = Automatic;
					};
				};
			};
			buildConfigurationList = 35AE2D47A456E118AA240D21 /* Build configuration list for PBXProject "Argos" */;
			developmentRegion = en;
			hasScannedForEncodings = 0;
			knownRegions = (
				Base,
				en,
			);
			mainGroup = C23853C680ABD34E17F5BE8B;
			minimizedProjectReferenceProxies = 1;
			packageReferences = (
				18756971E1D8FF5D8164D04C /* XCRemoteSwiftPackageReference "Citadel" */,
				72374E8391A9C85E423B456C /* XCRemoteSwiftPackageReference "Sparkle" */,
				31EA31D104960E3F83A3C2E2 /* XCRemoteSwiftPackageReference "SwiftTerm" */,
			);
			preferredProjectObjectVersion = 77;
			productRefGroup = 3A1A98094DA95E37D3FD7134 /* Products */;
			projectDirPath = "";
			projectRoot = "";
			targets = (
				5D61FF93EC48A47E4B04BCAB /* Argos */,
				9B1C6FF8AB27F22861A9ECE4 /* ArgosTests */,
			);
		};
/* End PBXProject section */

/* Begin PBXResourcesBuildPhase section */
		0ED80B3FE7AC1CA68E3DEC42 /* Resources */ = {
			isa = PBXResourcesBuildPhase;
			buildActionMask = 2147483647;
			files = (
				96BB2263E5EBCE167C214C1A /* Assets.xcassets in Resources */,
			);
			runOnlyForDeploymentPostprocessing = 0;
		};
/* End PBXResourcesBuildPhase section */

/* Begin PBXSourcesBuildPhase section */
		4B08E3150006A9EEF377A247 /* Sources */ = {
			isa = PBXSourcesBuildPhase;
			buildActionMask = 2147483647;
			files = (
				B64F67267E607EF02D082823 /* ArgosApp.swift in Sources */,
				64F779B17ED5CC435EE4F915 /* CheckForUpdatesView.swift in Sources */,
				6B78960D933DD7F03DBBA69E /* ContentView.swift in Sources */,
				2D48FFAF08E2D4C151BA16C9 /* ErrorMessage.swift in Sources */,
				E224B3D53EE2D7827A485CB5 /* HostKeyVerifier.swift in Sources */,
				5AC659C2D1B237B4D598248B /* KeychainStore.swift in Sources */,
				9133E096190BE4C458431394 /* LiveTerminalController.swift in Sources */,
				C064730BA9BFD0071C3BB89D /* Logging.swift in Sources */,
				D5855419ABBC95DE54D0B6E0 /* SSHFileTransfer.swift in Sources */,
				8AC026AA720A52F8A534CC41 /* SSHService.swift in Sources */,
				778DFD399E8221960C06F1C3 /* SSHServicing.swift in Sources */,
				D91377E6937819F5032D9662 /* SSHSessionManagement.swift in Sources */,
				42FA68FCB0EB89B1FF5DBE8B /* SSHTerminalSession.swift in Sources */,
				3FA72FAFFA836AA99216C41B /* Server.swift in Sources */,
				0484994EA74C094106DF308F /* ServerFormSheet.swift in Sources */,
				1F49FD85008D7EBE730E6CF1 /* ServerStore.swift in Sources */,
				6C96D300E599845D811DBCED /* SessionGroup.swift in Sources */,
				EA55D8C0F5B98E84096DBE21 /* SessionNameSheet.swift in Sources */,
				B1709EB6CD4C480A71B5EF13 /* SessionNameValidator.swift in Sources */,
				C7B6778AD95B861B188040BF /* SessionTerminalView.swift in Sources */,
				C7708B036D3C8097551D7076 /* SessionsColumn.swift in Sources */,
				51B9D3CB0640B577A3D42A1E /* SessionsViewModel.swift in Sources */,
				738DA9D8E838A1152C816CC3 /* ShellQuoting.swift in Sources */,
				2BDF280CD0A8D8EB7045E630 /* TerminalSettings.swift in Sources */,
				9BB2EC28C44ABE37A25840A7 /* TmuxSession.swift in Sources */,
			);
			runOnlyForDeploymentPostprocessing = 0;
		};
		C4036272681DDEDB670F56E5 /* Sources */ = {
			isa = PBXSourcesBuildPhase;
			buildActionMask = 2147483647;
			files = (
				43E0940423BAAA02E337AD27 /* ServerStoreTests.swift in Sources */,
				6A51AC072F076B67E7B81B7F /* SessionGroupingTests.swift in Sources */,
				36FD49CE37818A19FAC19F22 /* SessionNameValidatorTests.swift in Sources */,
				E85B008DFD3F25098FCB5BD2 /* ShellQuotingTests.swift in Sources */,
				DC7465DFF1450038B4484B9A /* TmuxErrorClassificationTests.swift in Sources */,
				7696C2EECDEC523B7B55536D /* TmuxSessionTests.swift in Sources */,
			);
			runOnlyForDeploymentPostprocessing = 0;
		};
/* End PBXSourcesBuildPhase section */

/* Begin PBXTargetDependency section */
		3C5C5898288014DC8BC3862A /* PBXTargetDependency */ = {
			isa = PBXTargetDependency;
			target = 5D61FF93EC48A47E4B04BCAB /* Argos */;
			targetProxy = A65D5E30522E97700CD9CDEB /* PBXContainerItemProxy */;
		};
/* End PBXTargetDependency section */

/* Begin XCBuildConfiguration section */
		2FE90BA57D646485C6B62043 /* Debug */ = {
			isa = XCBuildConfiguration;
			buildSettings = {
				BUNDLE_LOADER = "$(TEST_HOST)";
				COMBINE_HIDPI_IMAGES = YES;
				GENERATE_INFOPLIST_FILE = YES;
				LD_RUNPATH_SEARCH_PATHS = (
					"$(inherited)",
					"@executable_path/../Frameworks",
					"@loader_path/../Frameworks",
				);
				MACOSX_DEPLOYMENT_TARGET = 15.0;
				PRODUCT_BUNDLE_IDENTIFIER = com.iaportafolio.argos.tests;
				SDKROOT = macosx;
				TEST_HOST = "$(BUILT_PRODUCTS_DIR)/Argos.app/Contents/MacOS/Argos";
			};
			name = Debug;
		};
		390BBF9736D2545372005913 /* Debug */ = {
			isa = XCBuildConfiguration;
			buildSettings = {
				ASSETCATALOG_COMPILER_APPICON_NAME = AppIcon;
				ASSETCATALOG_COMPILER_GLOBAL_ACCENT_COLOR_NAME = AccentColor;
				CODE_SIGN_ENTITLEMENTS = Argos/Argos.entitlements;
				CODE_SIGN_STYLE = Automatic;
				COMBINE_HIDPI_IMAGES = YES;
				CURRENT_PROJECT_VERSION = 6;
				ENABLE_APP_SANDBOX = YES;
				ENABLE_HARDENED_RUNTIME = YES;
				GENERATE_INFOPLIST_FILE = NO;
				INFOPLIST_FILE = Argos/Info.plist;
				LD_RUNPATH_SEARCH_PATHS = (
					"$(inherited)",
					"@executable_path/../Frameworks",
				);
				MACOSX_DEPLOYMENT_TARGET = 15.0;
				MARKETING_VERSION = 1.0.5;
				PRODUCT_BUNDLE_IDENTIFIER = com.iaportafolio.argos;
				PRODUCT_NAME = Argos;
				SDKROOT = macosx;
				SWIFT_VERSION = 5.0;
			};
			name = Debug;
		};
		3FF02419FE791D9FCEA78A63 /* Release */ = {
			isa = XCBuildConfiguration;
			buildSettings = {
				ASSETCATALOG_COMPILER_APPICON_NAME = AppIcon;
				ASSETCATALOG_COMPILER_GLOBAL_ACCENT_COLOR_NAME = AccentColor;
				CODE_SIGN_ENTITLEMENTS = Argos/Argos.entitlements;
				CODE_SIGN_STYLE = Automatic;
				COMBINE_HIDPI_IMAGES = YES;
				CURRENT_PROJECT_VERSION = 6;
				ENABLE_APP_SANDBOX = YES;
				ENABLE_HARDENED_RUNTIME = YES;
				GENERATE_INFOPLIST_FILE = NO;
				INFOPLIST_FILE = Argos/Info.plist;
				LD_RUNPATH_SEARCH_PATHS = (
					"$(inherited)",
					"@executable_path/../Frameworks",
				);
				MACOSX_DEPLOYMENT_TARGET = 15.0;
				MARKETING_VERSION = 1.0.5;
				PRODUCT_BUNDLE_IDENTIFIER = com.iaportafolio.argos;
				PRODUCT_NAME = Argos;
				SDKROOT = macosx;
				SWIFT_VERSION = 5.0;
			};
			name = Release;
		};
		4ED3CC117FA5C95E80D0C28A /* Release */ = {
			isa = XCBuildConfiguration;
			buildSettings = {
				BUNDLE_LOADER = "$(TEST_HOST)";
				COMBINE_HIDPI_IMAGES = YES;
				GENERATE_INFOPLIST_FILE = YES;
				LD_RUNPATH_SEARCH_PATHS = (
					"$(inherited)",
					"@executable_path/../Frameworks",
					"@loader_path/../Frameworks",
				);
				MACOSX_DEPLOYMENT_TARGET = 15.0;
				PRODUCT_BUNDLE_IDENTIFIER = com.iaportafolio.argos.tests;
				SDKROOT = macosx;
				TEST_HOST = "$(BUILT_PRODUCTS_DIR)/Argos.app/Contents/MacOS/Argos";
			};
			name = Release;
		};
		D1A11F620F285D0F8865A523 /* Debug */ = {
			isa = XCBuildConfiguration;
			buildSettings = {
				ALWAYS_SEARCH_USER_PATHS = NO;
				CLANG_ANALYZER_NONNULL = YES;
				CLANG_ANALYZER_NUMBER_OBJECT_CONVERSION = YES_AGGRESSIVE;
				CLANG_CXX_LANGUAGE_STANDARD = "gnu++14";
				CLANG_CXX_LIBRARY = "libc++";
				CLANG_ENABLE_MODULES = YES;
				CLANG_ENABLE_OBJC_ARC = YES;
				CLANG_ENABLE_OBJC_WEAK = YES;
				CLANG_WARN_BLOCK_CAPTURE_AUTORELEASING = YES;
				CLANG_WARN_BOOL_CONVERSION = YES;
				CLANG_WARN_COMMA = YES;
				CLANG_WARN_CONSTANT_CONVERSION = YES;
				CLANG_WARN_DEPRECATED_OBJC_IMPLEMENTATIONS = YES;
				CLANG_WARN_DIRECT_OBJC_ISA_USAGE = YES_ERROR;
				CLANG_WARN_DOCUMENTATION_COMMENTS = YES;
				CLANG_WARN_EMPTY_BODY = YES;
				CLANG_WARN_ENUM_CONVERSION = YES;
				CLANG_WARN_INFINITE_RECURSION = YES;
				CLANG_WARN_INT_CONVERSION = YES;
				CLANG_WARN_NON_LITERAL_NULL_CONVERSION = YES;
				CLANG_WARN_OBJC_IMPLICIT_RETAIN_SELF = YES;
				CLANG_WARN_OBJC_LITERAL_CONVERSION = YES;
				CLANG_WARN_OBJC_ROOT_CLASS = YES_ERROR;
				CLANG_WARN_QUOTED_INCLUDE_IN_FRAMEWORK_HEADER = YES;
				CLANG_WARN_RANGE_LOOP_ANALYSIS = YES;
				CLANG_WARN_STRICT_PROTOTYPES = YES;
				CLANG_WARN_SUSPICIOUS_MOVE = YES;
				CLANG_WARN_UNGUARDED_AVAILABILITY = YES_AGGRESSIVE;
				CLANG_WARN_UNREACHABLE_CODE = YES;
				CLANG_WARN__DUPLICATE_METHOD_MATCH = YES;
				COPY_PHASE_STRIP = NO;
				DEBUG_INFORMATION_FORMAT = dwarf;
				ENABLE_STRICT_OBJC_MSGSEND = YES;
				ENABLE_TESTABILITY = YES;
				GCC_C_LANGUAGE_STANDARD = gnu11;
				GCC_DYNAMIC_NO_PIC = NO;
				GCC_NO_COMMON_BLOCKS = YES;
				GCC_OPTIMIZATION_LEVEL = 0;
				GCC_PREPROCESSOR_DEFINITIONS = (
					"$(inherited)",
					"DEBUG=1",
				);
				GCC_WARN_64_TO_32_BIT_CONVERSION = YES;
				GCC_WARN_ABOUT_RETURN_TYPE = YES_ERROR;
				GCC_WARN_UNDECLARED_SELECTOR = YES;
				GCC_WARN_UNINITIALIZED_AUTOS = YES_AGGRESSIVE;
				GCC_WARN_UNUSED_FUNCTION = YES;
				GCC_WARN_UNUSED_VARIABLE = YES;
				MACOSX_DEPLOYMENT_TARGET = 15.0;
				MTL_ENABLE_DEBUG_INFO = INCLUDE_SOURCE;
				MTL_FAST_MATH = YES;
				ONLY_ACTIVE_ARCH = YES;
				PRODUCT_NAME = "$(TARGET_NAME)";
				SDKROOT = macosx;
				SWIFT_ACTIVE_COMPILATION_CONDITIONS = DEBUG;
				SWIFT_OPTIMIZATION_LEVEL = "-Onone";
				SWIFT_VERSION = 5.0;
			};
			name = Debug;
		};
		E850911FBD90514F006BED57 /* Release */ = {
			isa = XCBuildConfiguration;
			buildSettings = {
				ALWAYS_SEARCH_USER_PATHS = NO;
				CLANG_ANALYZER_NONNULL = YES;
				CLANG_ANALYZER_NUMBER_OBJECT_CONVERSION = YES_AGGRESSIVE;
				CLANG_CXX_LANGUAGE_STANDARD = "gnu++14";
				CLANG_CXX_LIBRARY = "libc++";
				CLANG_ENABLE_MODULES = YES;
				CLANG_ENABLE_OBJC_ARC = YES;
				CLANG_ENABLE_OBJC_WEAK = YES;
				CLANG_WARN_BLOCK_CAPTURE_AUTORELEASING = YES;
				CLANG_WARN_BOOL_CONVERSION = YES;
				CLANG_WARN_COMMA = YES;
				CLANG_WARN_CONSTANT_CONVERSION = YES;
				CLANG_WARN_DEPRECATED_OBJC_IMPLEMENTATIONS = YES;
				CLANG_WARN_DIRECT_OBJC_ISA_USAGE = YES_ERROR;
				CLANG_WARN_DOCUMENTATION_COMMENTS = YES;
				CLANG_WARN_EMPTY_BODY = YES;
				CLANG_WARN_ENUM_CONVERSION = YES;
				CLANG_WARN_INFINITE_RECURSION = YES;
				CLANG_WARN_INT_CONVERSION = YES;
				CLANG_WARN_NON_LITERAL_NULL_CONVERSION = YES;
				CLANG_WARN_OBJC_IMPLICIT_RETAIN_SELF = YES;
				CLANG_WARN_OBJC_LITERAL_CONVERSION = YES;
				CLANG_WARN_OBJC_ROOT_CLASS = YES_ERROR;
				CLANG_WARN_QUOTED_INCLUDE_IN_FRAMEWORK_HEADER = YES;
				CLANG_WARN_RANGE_LOOP_ANALYSIS = YES;
				CLANG_WARN_STRICT_PROTOTYPES = YES;
				CLANG_WARN_SUSPICIOUS_MOVE = YES;
				CLANG_WARN_UNGUARDED_AVAILABILITY = YES_AGGRESSIVE;
				CLANG_WARN_UNREACHABLE_CODE = YES;
				CLANG_WARN__DUPLICATE_METHOD_MATCH = YES;
				COPY_PHASE_STRIP = NO;
				DEBUG_INFORMATION_FORMAT = "dwarf-with-dsym";
				ENABLE_NS_ASSERTIONS = NO;
				ENABLE_STRICT_OBJC_MSGSEND = YES;
				GCC_C_LANGUAGE_STANDARD = gnu11;
				GCC_NO_COMMON_BLOCKS = YES;
				GCC_WARN_64_TO_32_BIT_CONVERSION = YES;
				GCC_WARN_ABOUT_RETURN_TYPE = YES_ERROR;
				GCC_WARN_UNDECLARED_SELECTOR = YES;
				GCC_WARN_UNINITIALIZED_AUTOS = YES_AGGRESSIVE;
				GCC_WARN_UNUSED_FUNCTION = YES;
				GCC_WARN_UNUSED_VARIABLE = YES;
				MACOSX_DEPLOYMENT_TARGET = 15.0;
				MTL_ENABLE_DEBUG_INFO = NO;
				MTL_FAST_MATH = YES;
				PRODUCT_NAME = "$(TARGET_NAME)";
				SDKROOT = macosx;
				SWIFT_COMPILATION_MODE = wholemodule;
				SWIFT_OPTIMIZATION_LEVEL = "-O";
				SWIFT_VERSION = 5.0;
			};
			name = Release;
		};
/* End XCBuildConfiguration section */

/* Begin XCConfigurationList section */
		2C895C758AAC8DDD7B4A138F /* Build configuration list for PBXNativeTarget "ArgosTests" */ = {
			isa = XCConfigurationList;
			buildConfigurations = (
				2FE90BA57D646485C6B62043 /* Debug */,
				4ED3CC117FA5C95E80D0C28A /* Release */,
			);
			defaultConfigurationIsVisible = 0;
			defaultConfigurationName = Debug;
		};
		2EB869143CCE784DEAC7A0EF /* Build configuration list for PBXNativeTarget "Argos" */ = {
			isa = XCConfigurationList;
			buildConfigurations = (
				390BBF9736D2545372005913 /* Debug */,
				3FF02419FE791D9FCEA78A63 /* Release */,
			);
			defaultConfigurationIsVisible = 0;
			defaultConfigurationName = Debug;
		};
		35AE2D47A456E118AA240D21 /* Build configuration list for PBXProject "Argos" */ = {
			isa = XCConfigurationList;
			buildConfigurations = (
				D1A11F620F285D0F8865A523 /* Debug */,
				E850911FBD90514F006BED57 /* Release */,
			);
			defaultConfigurationIsVisible = 0;
			defaultConfigurationName = Debug;
		};
/* End XCConfigurationList section */

/* Begin XCRemoteSwiftPackageReference section */
		18756971E1D8FF5D8164D04C /* XCRemoteSwiftPackageReference "Citadel" */ = {
			isa = XCRemoteSwiftPackageReference;
			repositoryURL = "https://github.com/orlandos-nl/Citadel";
			requirement = {
				kind = upToNextMinorVersion;
				minimumVersion = 0.12.0;
			};
		};
		31EA31D104960E3F83A3C2E2 /* XCRemoteSwiftPackageReference "SwiftTerm" */ = {
			isa = XCRemoteSwiftPackageReference;
			repositoryURL = "https://github.com/migueldeicaza/SwiftTerm";
			requirement = {
				kind = upToNextMinorVersion;
				minimumVersion = 1.13.0;
			};
		};
		72374E8391A9C85E423B456C /* XCRemoteSwiftPackageReference "Sparkle" */ = {
			isa = XCRemoteSwiftPackageReference;
			repositoryURL = "https://github.com/sparkle-project/Sparkle";
			requirement = {
				kind = upToNextMajorVersion;
				minimumVersion = 2.9.3;
			};
		};
/* End XCRemoteSwiftPackageReference section */

/* Begin XCSwiftPackageProductDependency section */
		BD3E31D594F719FB241208C0 /* Sparkle */ = {
			isa = XCSwiftPackageProductDependency;
			package = 72374E8391A9C85E423B456C /* XCRemoteSwiftPackageReference "Sparkle" */;
			productName = Sparkle;
		};
		C9AC58752B09ADD31B61011B /* SwiftTerm */ = {
			isa = XCSwiftPackageProductDependency;
			package = 31EA31D104960E3F83A3C2E2 /* XCRemoteSwiftPackageReference "SwiftTerm" */;
			productName = SwiftTerm;
		};
		FC6E54AE421077969B9E7E5B /* Citadel */ = {
			isa = XCSwiftPackageProductDependency;
			package = 18756971E1D8FF5D8164D04C /* XCRemoteSwiftPackageReference "Citadel" */;
			productName = Citadel;
		};
/* End XCSwiftPackageProductDependency section */
	};
	rootObject = 7DA10A44D8AFCD295EEFA8BC /* Project object */;
}
